// !$*UTF8*$!
{
	archiveVersion = 1;
	classes = {
	};
	objectVersion = 46;
	objects = {

/* Begin PBXBuildFile section */
		57CF31ED1A6F9EC200F6A9AE /* main.m in Sources */ = {isa = PBXBuildFile; fileRef = 57CF31EC1A6F9EC200F6A9AE /* main.m */; };
		57CF31F01A6F9EC200F6A9AE /* AppDelegate.m in Sources */ = {isa = PBXBuildFile; fileRef = 57CF31EF1A6F9EC200F6A9AE /* AppDelegate.m */; };
		57CF31F31A6F9EC200F6A9AE /* ViewController.m in Sources */ = {isa = PBXBuildFile; fileRef = 57CF31F21A6F9EC200F6A9AE /* ViewController.m */; };
		57CF31F61A6F9EC200F6A9AE /* Main.storyboard in Resources */ = {isa = PBXBuildFile; fileRef = 57CF31F41A6F9EC200F6A9AE /* Main.storyboard */; };
		57CF31F81A6F9EC200F6A9AE /* Images.xcassets in Resources */ = {isa = PBXBuildFile; fileRef = 57CF31F71A6F9EC200F6A9AE /* Images.xcassets */; };
		57CF31FB1A6F9EC200F6A9AE /* LaunchScreen.xib in Resources */ = {isa = PBXBuildFile; fileRef = 57CF31F91A6F9EC200F6A9AE /* LaunchScreen.xib */; };
		57CF32071A6F9EC200F6A9AE /* XYRouterTests.m in Sources */ = {isa = PBXBuildFile; fileRef = 57CF32061A6F9EC200F6A9AE /* XYRouterTests.m */; };
		57CF32131A6F9EF600F6A9AE /* XYRouter.m in Sources */ = {isa = PBXBuildFile; fileRef = 57CF32121A6F9EF600F6A9AE /* XYRouter.m */; };
/* End PBXBuildFile section */

/* Begin PBXContainerItemProxy section */
		57CF32011A6F9EC200F6A9AE /* PBXContainerItemProxy */ = {
			isa = PBXContainerItemProxy;
			containerPortal = 57CF31DF1A6F9EC200F6A9AE /* Project object */;
			proxyType = 1;
			remoteGlobalIDString = 57CF31E61A6F9EC200F6A9AE;
			remoteInfo = XYRouter;
		};
/* End PBXContainerItemProxy section */

/* Begin PBXFileReference section */
		57CF31E71A6F9EC200F6A9AE /* XYRouter.app */ = {isa = PBXFileReference; explicitFileType = wrapper.application; includeInIndex = 0; path = XYRouter.app; sourceTree = BUILT_PRODUCTS_DIR; };
		57CF31EB1A6F9EC200F6A9AE /* Info.plist */ = {isa = PBXFileReference; lastKnownFileType = text.plist.xml; path = Info.plist; sourceTree = "<group>"; };
		57CF31EC1A6F9EC200F6A9AE /* main.m */ = {isa = PBXFileReference; lastKnownFileType = sourcecode.c.objc; path = main.m; sourceTree = "<group>"; };
		57CF31EE1A6F9EC200F6A9AE /* AppDelegate.h */ = {isa = PBXFileReference; lastKnownFileType = sourcecode.c.h; path = AppDelegate.h; sourceTree = "<group>"; };
		57CF31EF1A6F9EC200F6A9AE /* AppDelegate.m */ = {isa = PBXFileReference; lastKnownFileType = sourcecode.c.objc; path = AppDelegate.m; sourceTree = "<group>"; };
		57CF31F11A6F9EC200F6A9AE /* ViewController.h */ = {isa = PBXFileReference; lastKnownFileType = sourcecode.c.h; path = ViewController.h; sourceTree = "<group>"; };
		57CF31F21A6F9EC200F6A9AE /* ViewController.m */ = {isa = PBXFileReference; lastKnownFileType = sourcecode.c.objc; path = ViewController.m; sourceTree = "<group>"; };
		57CF31F51A6F9EC200F6A9AE /* Base */ = {isa = PBXFileReference; lastKnownFileType = file.storyboard; name = Base; path = Base.lproj/Main.storyboard; sourceTree = "<group>"; };
		57CF31F71A6F9EC200F6A9AE /* Images.xcassets */ = {isa = PBXFileReference; lastKnownFileType = folder.assetcatalog; path = Images.xcassets; sourceTree = "<group>"; };
		57CF31FA1A6F9EC200F6A9AE /* Base */ = {isa = PBXFileReference; lastKnownFileType = file.xib; name = Base; path = Base.lproj/LaunchScreen.xib; sourceTree = "<group>"; };
		57CF32001A6F9EC200F6A9AE /* XYRouterTests.xctest */ = {isa = PBXFileReference; explicitFileType = wrapper.cfbundle; includeInIndex = 0; path = XYRouterTests.xctest; sourceTree = BUILT_PRODUCTS_DIR; };
		57CF32051A6F9EC200F6A9AE /* Info.plist */ = {isa = PBXFileReference; lastKnownFileType = text.plist.xml; path = Info.plist; sourceTree = "<group>"; };
		57CF32061A6F9EC200F6A9AE /* XYRouterTests.m */ = {isa = PBXFileReference; lastKnownFileType = sourcecode.c.objc; path = XYRouterTests.m; sourceTree = "<group>"; };
		57CF32111A6F9EF600F6A9AE /* XYRouter.h */ = {isa = PBXFileReference; fileEncoding = 4; lastKnownFileType = sourcecode.c.h; path = XYRouter.h; sourceTree = "<group>"; };
		57CF32121A6F9EF600F6A9AE /* XYRouter.m */ = {isa = PBXFileReference; fileEncoding = 4; lastKnownFileType = sourcecode.c.objc; path = XYRouter.m; sourceTree = "<group>"; };
/* End PBXFileReference section */

/* Begin PBXFrameworksBuildPhase section */
		57CF31E41A6F9EC200F6A9AE /* Frameworks */ = {
			isa = PBXFrameworksBuildPhase;
			buildActionMask = 2147483647;
			files = (
			);
			runOnlyForDeploymentPostprocessing = 0;
		};
		57CF31FD1A6F9EC200F6A9AE /* Frameworks */ = {
			isa = PBXFrameworksBuildPhase;
			buildActionMask = 2147483647;
			files = (
			);
			runOnlyForDeploymentPostprocessing = 0;
		};
/* End PBXFrameworksBuildPhase section */

/* Begin PBXGroup section */
		57CF31DE1A6F9EC200F6A9AE = {
			isa = PBXGroup;
			children = (
				57CF31E91A6F9EC200F6A9AE /* XYRouter */,
				57CF32031A6F9EC200F6A9AE /* XYRouterTests */,
				57CF31E81A6F9EC200F6A9AE /* Products */,
			);
			sourceTree = "<group>";
		};
		57CF31E81A6F9EC200F6A9AE /* Products */ = {
			isa = PBXGroup;
			children = (
				57CF31E71A6F9EC200F6A9AE /* XYRouter.app */,
				57CF32001A6F9EC200F6A9AE /* XYRouterTests.xctest */,
			);
			name = Products;
			sourceTree = "<group>";
		};
		57CF31E91A6F9EC200F6A9AE /* XYRouter */ = {
			isa = PBXGroup;
			children = (
				57CF32101A6F9EDA00F6A9AE /* router */,
				57CF31EE1A6F9EC200F6A9AE /* AppDelegate.h */,
				57CF31EF1A6F9EC200F6A9AE /* AppDelegate.m */,
				57CF31F11A6F9EC200F6A9AE /* ViewController.h */,
				57CF31F21A6F9EC200F6A9AE /* ViewController.m */,
				57CF31F41A6F9EC200F6A9AE /* Main.storyboard */,
				57CF31F71A6F9EC200F6A9AE /* Images.xcassets */,
				57CF31F91A6F9EC200F6A9AE /* LaunchScreen.xib */,
				57CF31EA1A6F9EC200F6A9AE /* Supporting Files */,
			);
			path = XYRouter;
			sourceTree = "<group>";
		};
		57CF31EA1A6F9EC200F6A9AE /* Supporting Files */ = {
			isa = PBXGroup;
			children = (
				57CF31EB1A6F9EC200F6A9AE /* Info.plist */,
				57CF31EC1A6F9EC200F6A9AE /* main.m */,
			);
			name = "Supporting Files";
			sourceTree = "<group>";
		};
		57CF32031A6F9EC200F6A9AE /* XYRouterTests */ = {
			isa = PBXGroup;
			children = (
				57CF32061A6F9EC200F6A9AE /* XYRouterTests.m */,
				57CF32041A6F9EC200F6A9AE /* Supporting Files */,
			);
			path = XYRouterTests;
			sourceTree = "<group>";
		};
		57CF32041A6F9EC200F6A9AE /* Supporting Files */ = {
			isa = PBXGroup;
			children = (
				57CF32051A6F9EC200F6A9AE /* Info.plist */,
			);
			name = "Supporting Files";
			sourceTree = "<group>";
		};
		57CF32101A6F9EDA00F6A9AE /* router */ = {
			isa = PBXGroup;
			children = (
				57CF32111A6F9EF600F6A9AE /* XYRouter.h */,
				57CF32121A6F9EF600F6A9AE /* XYRouter.m */,
			);
			path = router;
			sourceTree = "<group>";
		};
/* End PBXGroup section */

/* Begin PBXNativeTarget section */
		57CF31E61A6F9EC200F6A9AE /* XYRouter */ = {
			isa = PBXNativeTarget;
			buildConfigurationList = 57CF320A1A6F9EC200F6A9AE /* Build configuration list for PBXNativeTarget "XYRouter" */;
			buildPhases = (
				57CF31E31A6F9EC200F6A9AE /* Sources */,
				57CF31E41A6F9EC200F6A9AE /* Frameworks */,
				57CF31E51A6F9EC200F6A9AE /* Resources */,
			);
			buildRules = (
			);
			dependencies = (
			);
			name = XYRouter;
			productName = XYRouter;
			productReference = 57CF31E71A6F9EC200F6A9AE /* XYRouter.app */;
			productType = "com.apple.product-type.application";
		};
		57CF31FF1A6F9EC200F6A9AE /* XYRouterTests */ = {
			isa = PBXNativeTarget;
			buildConfigurationList = 57CF320D1A6F9EC200F6A9AE /* Build configuration list for PBXNativeTarget "XYRouterTests" */;
			buildPhases = (
				57CF31FC1A6F9EC200F6A9AE /* Sources */,
				57CF31FD1A6F9EC200F6A9AE /* Frameworks */,
				57CF31FE1A6F9EC200F6A9AE /* Resources */,
			);
			buildRules = (
			);
			dependencies = (
				57CF32021A6F9EC200F6A9AE /* PBXTargetDependency */,
			);
			name = XYRouterTests;
			productName = XYRouterTests;
			productReference = 57CF32001A6F9EC200F6A9AE /* XYRouterTests.xctest */;
			productType = "com.apple.product-type.bundle.unit-test";
		};
/* End PBXNativeTarget section */

/* Begin PBXProject section */
		57CF31DF1A6F9EC200F6A9AE /* Project object */ = {
			isa = PBXProject;
			attributes = {
				LastUpgradeCheck = 0610;
				ORGANIZATIONNAME = heaven;
				TargetAttributes = {
					57CF31E61A6F9EC200F6A9AE = {
						CreatedOnToolsVersion = 6.1.1;
					};
					57CF31FF1A6F9EC200F6A9AE = {
						CreatedOnToolsVersion = 6.1.1;
						TestTargetID = 57CF31E61A6F9EC200F6A9AE;
					};
				};
			};
			buildConfigurationList = 57CF31E21A6F9EC200F6A9AE /* Build configuration list for PBXProject "XYRouter" */;
			compatibilityVersion = "Xcode 3.2";
			developmentRegion = English;
			hasScannedForEncodings = 0;
			knownRegions = (
				en,
				Base,
			);
			mainGroup = 57CF31DE1A6F9EC200F6A9AE;
			productRefGroup = 57CF31E81A6F9EC200F6A9AE /* Products */;
			projectDirPath = "";
			projectRoot = "";
			targets = (
				57CF31E61A6F9EC200F6A9AE /* XYRouter */,
				57CF31FF1A6F9EC200F6A9AE /* XYRouterTests */,
			);
		};
/* End PBXProject section */

/* Begin PBXResourcesBuildPhase section */
		57CF31E51A6F9EC200F6A9AE /* Resources */ = {
			isa = PBXResourcesBuildPhase;
			buildActionMask = 2147483647;
			files = (
				57CF31F61A6F9EC200F6A9AE /* Main.storyboard in Resources */,
				57CF31FB1A6F9EC200F6A9AE /* LaunchScreen.xib in Resources */,
				57CF31F81A6F9EC200F6A9AE /* Images.xcassets in Resources */,
			);
			runOnlyForDeploymentPostprocessing = 0;
		};
		57CF31FE1A6F9EC200F6A9AE /* Resources */ = {
			isa = PBXResourcesBuildPhase;
			buildActionMask = 2147483647;
			files = (
			);
			runOnlyForDeploymentPostprocessing = 0;
		};
/* End PBXResourcesBuildPhase section */

/* Begin PBXSourcesBuildPhase section */
		57CF31E31A6F9EC200F6A9AE /* Sources */ = {
			isa = PBXSourcesBuildPhase;
			buildActionMask = 2147483647;
			files = (
				57CF31F31A6F9EC200F6A9AE /* ViewController.m in Sources */,
				57CF31F01A6F9EC200F6A9AE /* AppDelegate.m in Sources */,
				57CF31ED1A6F9EC200F6A9AE /* main.m in Sources */,
				57CF32131A6F9EF600F6A9AE /* XYRouter.m in Sources */,
			);
			runOnlyForDeploymentPostprocessing = 0;
		};
		57CF31FC1A6F9EC200F6A9AE /* Sources */ = {
			isa = PBXSourcesBuildPhase;
			buildActionMask = 2147483647;
			files = (
				57CF32071A6F9EC200F6A9AE /* XYRouterTests.m in Sources */,
			);
			runOnlyForDeploymentPostprocessing = 0;
		};
/* End PBXSourcesBuildPhase section */

/* Begin PBXTargetDependency section */
		57CF32021A6F9EC200F6A9AE /* PBXTargetDependency */ = {
			isa = PBXTargetDependency;
			target = 57CF31E61A6F9EC200F6A9AE /* XYRouter */;
			targetProxy = 57CF32011A6F9EC200F6A9AE /* PBXContainerItemProxy */;
		};
/* End PBXTargetDependency section */

/* Begin PBXVariantGroup section */
		57CF31F41A6F9EC200F6A9AE /* Main.storyboard */ = {
			isa = PBXVariantGroup;
			children = (
				57CF31F51A6F9EC200F6A9AE /* Base */,
			);
			name = Main.storyboard;
			sourceTree = "<group>";
		};
		57CF31F91A6F9EC200F6A9AE /* LaunchScreen.xib */ = {
			isa = PBXVariantGroup;
			children = (
				57CF31FA1A6F9EC200F6A9AE /* Base */,
			);
			name = LaunchScreen.xib;
			sourceTree = "<group>";
		};
/* End PBXVariantGroup section */

/* Begin XCBuildConfiguration section */
		57CF32081A6F9EC200F6A9AE /* Debug */ = {
			isa = XCBuildConfiguration;
			buildSettings = {
				ALWAYS_SEARCH_USER_PATHS = NO;
				CLANG_CXX_LANGUAGE_STANDARD = "gnu++0x";
				CLANG_CXX_LIBRARY = "libc++";
				CLANG_ENABLE_MODULES = YES;
				CLANG_ENABLE_OBJC_ARC = YES;
				CLANG_WARN_BOOL_CONVERSION = YES;
				CLANG_WARN_CONSTANT_CONVERSION = YES;
				CLANG_WARN_DIRECT_OBJC_ISA_USAGE = YES_ERROR;
				CLANG_WARN_EMPTY_BODY = YES;
				CLANG_WARN_ENUM_CONVERSION = YES;
				CLANG_WARN_INT_CONVERSION = YES;
				CLANG_WARN_OBJC_ROOT_CLASS = YES_ERROR;
				CLANG_WARN_UNREACHABLE_CODE = YES;
				CLANG_WARN__DUPLICATE_METHOD_MATCH = YES;
				"CODE_SIGN_IDENTITY[sdk=iphoneos*]" = "iPhone Developer";
				COPY_PHASE_STRIP = NO;
				ENABLE_STRICT_OBJC_MSGSEND = YES;
				GCC_C_LANGUAGE_STANDARD = gnu99;
				GCC_DYNAMIC_NO_PIC = NO;
				GCC_OPTIMIZATION_LEVEL = 0;
				GCC_PREPROCESSOR_DEFINITIONS = (
					"DEBUG=1",
					"$(inherited)",
				);
				GCC_SYMBOLS_PRIVATE_EXTERN = NO;
				GCC_WARN_64_TO_32_BIT_CONVERSION = YES;
				GCC_WARN_ABOUT_RETURN_TYPE = YES_ERROR;
				GCC_WARN_UNDECLARED_SELECTOR = YES;
				GCC_WARN_UNINITIALIZED_AUTOS = YES_AGGRESSIVE;
				GCC_WARN_UNUSED_FUNCTION = YES;
				GCC_WARN_UNUSED_VARIABLE = YES;
				IPHONEOS_DEPLOYMENT_TARGET = 8.1;
				MTL_ENABLE_DEBUG_INFO = YES;
				ONLY_ACTIVE_ARCH = YES;
				SDKROOT = iphoneos;
			};
			name = Debug;
		};
		57CF32091A6F9EC200F6A9AE /* Release */ = {
			isa = XCBuildConfiguration;
			buildSettings = {
				ALWAYS_SEARCH_USER_PATHS = NO;
				CLANG_CXX_LANGUAGE_STANDARD = "gnu++0x";
				CLANG_CXX_LIBRARY = "libc++";
				CLANG_ENABLE_MODULES = YES;
				CLANG_ENABLE_OBJC_ARC = YES;
				CLANG_WARN_BOOL_CONVERSION = YES;
				CLANG_WARN_CONSTANT_CONVERSION = YES;
				CLANG_WARN_DIRECT_OBJC_ISA_USAGE = YES_ERROR;
				CLANG_WARN_EMPTY_BODY = YES;
				CLANG_WARN_ENUM_CONVERSION = YES;
				CLANG_WARN_INT_CONVERSION = YES;
				CLANG_WARN_OBJC_ROOT_CLASS = YES_ERROR;
				CLANG_WARN_UNREACHABLE_CODE = YES;
				CLANG_WARN__DUPLICATE_METHOD_MATCH = YES;
				"CODE_SIGN_IDENTITY[sdk=iphoneos*]" = "iPhone Developer";
				COPY_PHASE_STRIP = YES;
				ENABLE_NS_ASSERTIONS = NO;
				ENABLE_STRICT_OBJC_MSGSEND = YES;
				GCC_C_LANGUAGE_STANDARD = gnu99;
				GCC_WARN_64_TO_32_BIT_CONVERSION = YES;
				GCC_WARN_ABOUT_RETURN_TYPE = YES_ERROR;
				GCC_WARN_UNDECLARED_SELECTOR = YES;
				GCC_WARN_UNINITIALIZED_AUTOS = YES_AGGRESSIVE;
				GCC_WARN_UNUSED_FUNCTION = YES;
				GCC_WARN_UNUSED_VARIABLE = YES;
				IPHONEOS_DEPLOYMENT_TARGET = 8.1;
				MTL_ENABLE_DEBUG_INFO = NO;
				SDKROOT = iphoneos;
				VALIDATE_PRODUCT = YES;
			};
			name = Release;
		};
		57CF320B1A6F9EC200F6A9AE /* Debug */ = {
			isa = XCBuildConfiguration;
			buildSettings = {
				ASSETCATALOG_COMPILER_APPICON_NAME = AppIcon;
				INFOPLIST_FILE = XYRouter/Info.plist;
				LD_RUNPATH_SEARCH_PATHS = "$(inherited) @executable_path/Frameworks";
				PRODUCT_NAME = "$(TARGET_NAME)";
			};
			name = Debug;
		};
		57CF320C1A6F9EC200F6A9AE /* Release */ = {
			isa = XCBuildConfiguration;
			buildSettings = {
				ASSETCATALOG_COMPILER_APPICON_NAME = AppIcon;
				INFOPLIST_FILE = XYRouter/Info.plist;
				LD_RUNPATH_SEARCH_PATHS = "$(inherited) @executable_path/Frameworks";
				PRODUCT_NAME = "$(TARGET_NAME)";
			};
			name = Release;
		};
		57CF320E1A6F9EC200F6A9AE /* Debug */ = {
			isa = XCBuildConfiguration;
			buildSettings = {
				BUNDLE_LOADER = "$(TEST_HOST)";
				FRAMEWORK_SEARCH_PATHS = (
					"$(SDKROOT)/Developer/Library/Frameworks",
					"$(inherited)",
				);
				GCC_PREPROCESSOR_DEFINITIONS = (
					"DEBUG=1",
					"$(inherited)",
				);
				INFOPLIST_FILE = XYRouterTests/Info.plist;
				LD_RUNPATH_SEARCH_PATHS = "$(inherited) @executable_path/Frameworks @loader_path/Frameworks";
				PRODUCT_NAME = "$(TARGET_NAME)";
				TEST_HOST = "$(BUILT_PRODUCTS_DIR)/XYRouter.app/XYRouter";
			};
			name = Debug;
		};
		57CF320F1A6F9EC200F6A9AE /* Release */ = {
			isa = XCBuildConfiguration;
			buildSettings = {
				BUNDLE_LOADER = "$(TEST_HOST)";
				FRAMEWORK_SEARCH_PATHS = (
					"$(SDKROOT)/Developer/Library/Frameworks",
					"$(inherited)",
				);
				INFOPLIST_FILE = XYRouterTests/Info.plist;
				LD_RUNPATH_SEARCH_PATHS = "$(inherited) @executable_path/Frameworks @loader_path/Frameworks";
				PRODUCT_NAME = "$(TARGET_NAME)";
				TEST_HOST = "$(BUILT_PRODUCTS_DIR)/XYRouter.app/XYRouter";
			};
			name = Release;
		};
/* End XCBuildConfiguration section */

/* Begin XCConfigurationList section */
		57CF31E21A6F9EC200F6A9AE /* Build configuration list for PBXProject "XYRouter" */ = {
			isa = XCConfigurationList;
			buildConfigurations = (
				57CF32081A6F9EC200F6A9AE /* Debug */,
				57CF32091A6F9EC200F6A9AE /* Release */,
			);
			defaultConfigurationIsVisible = 0;
			defaultConfigurationName = Release;
		};
		57CF320A1A6F9EC200F6A9AE /* Build configuration list for PBXNativeTarget "XYRouter" */ = {
			isa = XCConfigurationList;
			buildConfigurations = (
				57CF320B1A6F9EC200F6A9AE /* Debug */,
				57CF320C1A6F9EC200F6A9AE /* Release */,
			);
			defaultConfigurationIsVisible = 0;
		};
		57CF320D1A6F9EC200F6A9AE /* Build configuration list for PBXNativeTarget "XYRouterTests" */ = {
			isa = XCConfigurationList;
			buildConfigurations = (
				57CF320E1A6F9EC200F6A9AE /* Debug */,
				57CF320F1A6F9EC200F6A9AE /* Release */,
			);
			defaultConfigurationIsVisible = 0;
		};
/* End XCConfigurationList section */
	};
	rootObject = 57CF31DF1A6F9EC200F6A9AE /* Project object */;
}
